
Microsoft Visual Studio Solution File, Format Version 12.00
# Visual Studio Version 16
VisualStudioVersion = 16.0.30204.135
MinimumVisualStudioVersion = 10.0.40219.1
Project("{FAE04EC0-301F-11D3-BF4B-00C04F79EFBC}") = "ip location", "ip location.csproj", "{60774B81-6E2B-49D9-AB16-3ABEE6EBF11B}"
EndProject
Global
	GlobalSection(SolutionConfigurationPlatforms) = preSolution
		Debug|Any CPU = Debug|Any CPU
		Release|Any CPU = Release|Any CPU
	EndGlobalSection
	GlobalSection(ProjectConfigurationPlatforms) = postSolution
		{60774B81-6E2B-49D9-AB16-3ABEE6EBF11B}.Debug|Any CPU.ActiveCfg = Debug|Any CPU
		{60774B81-6E2B-49D9-AB16-3ABEE6EBF11B}.Debug|Any CPU.Build.0 = Debug|Any CPU
		{60774B81-6E2B-49D9-AB16-3ABEE6EBF11B}.Release|Any CPU.ActiveCfg = Release|Any CPU
		{60774B81-6E2B-49D9-AB16-3ABEE6EBF11B}.Release|Any CPU.Build.0 = Release|Any CPU
	EndGlobalSection
	GlobalSection(SolutionProperties) = preSolution
		HideSolutionNode = FALSE
	EndGlobalSection
	GlobalSection(ExtensibilityGlobals) = postSolution
		SolutionGuid = {73B68DE2-4883-4666-8CBA-0F105974A13F}
	EndGlobalSection
EndGlobal
