
Microsoft Visual Studio Solution File, Format Version 12.00
# Visual Studio Version 16
VisualStudioVersion = 16.0.30204.135
MinimumVisualStudioVersion = 10.0.40219.1
Project("{FAE04EC0-301F-11D3-BF4B-00C04F79EFBC}") = "TodoAPI", "TodoAPI.csproj", "{45055269-121F-49AB-AC65-F2FACCCA3CBD}"
EndProject
Global
	GlobalSection(SolutionConfigurationPlatforms) = preSolution
		Debug|Any CPU = Debug|Any CPU
		Release|Any CPU = Release|Any CPU
	EndGlobalSection
	GlobalSection(ProjectConfigurationPlatforms) = postSolution
		{45055269-121F-49AB-AC65-F2FACCCA3CBD}.Debug|Any CPU.ActiveCfg = Debug|Any CPU
		{45055269-121F-49AB-AC65-F2FACCCA3CBD}.Debug|Any CPU.Build.0 = Debug|Any CPU
		{45055269-121F-49AB-AC65-F2FACCCA3CBD}.Release|Any CPU.ActiveCfg = Release|Any CPU
		{45055269-121F-49AB-AC65-F2FACCCA3CBD}.Release|Any CPU.Build.0 = Release|Any CPU
	EndGlobalSection
	GlobalSection(SolutionProperties) = preSolution
		HideSolutionNode = FALSE
	EndGlobalSection
	GlobalSection(ExtensibilityGlobals) = postSolution
		SolutionGuid = {11FF8448-64CD-4CE9-95EA-DA641383B030}
	EndGlobalSection
EndGlobal
